Microsoft Visual Studio Solution File, Format Version 12.00
# Visual Studio Version 16
VisualStudioVersion = 16.0.28803.202
MinimumVisualStudioVersion = 10.0.40219.1
Project("{FAE04EC0-301F-11D3-BF4B-00C04F79EFBC}") = "WatchersNET.TagCloud", "WatchersNET.TagCloud.csproj", "{23DC1AF7-C243-4518-AE0B-C12DCB051FD9}"
EndProject
Global
	GlobalSection(SolutionConfigurationPlatforms) = preSolution
		Debug|Any CPU = Debug|Any CPU
		Deploy|Any CPU = Deploy|Any CPU
		Release|Any CPU = Release|Any CPU
	EndGlobalSection
	GlobalSection(ProjectConfigurationPlatforms) = postSolution
		{23DC1AF7-C243-4518-AE0B-C12DCB051FD9}.Debug|Any CPU.ActiveCfg = Debug|Any CPU
		{23DC1AF7-C243-4518-AE0B-C12DCB051FD9}.Debug|Any CPU.Build.0 = Debug|Any CPU
		{23DC1AF7-C243-4518-AE0B-C12DCB051FD9}.Deploy|Any CPU.ActiveCfg = Deploy|Any CPU
		{23DC1AF7-C243-4518-AE0B-C12DCB051FD9}.Deploy|Any CPU.Build.0 = Deploy|Any CPU
		{23DC1AF7-C243-4518-AE0B-C12DCB051FD9}.Release|Any CPU.ActiveCfg = Release|Any CPU
		{23DC1AF7-C243-4518-AE0B-C12DCB051FD9}.Release|Any CPU.Build.0 = Release|Any CPU
	EndGlobalSection
	GlobalSection(SolutionProperties) = preSolution
		HideSolutionNode = FALSE
	EndGlobalSection
	GlobalSection(ExtensibilityGlobals) = postSolution
		SolutionGuid = {E9CE3AAF-66D3-4C3C-B2BF-EA9C75C5CF98}
	EndGlobalSection
EndGlobal
